
Microsoft Visual Studio Solution File, Format Version 12.00
# Visual Studio Version 16
VisualStudioVersion = 25.0.1704.0
MinimumVisualStudioVersion = 10.0.40219.1
Project("{FAE04EC0-301F-11D3-BF4B-00C04F79EFBC}") = "IBASEmployeeService", "IBASEmployeeService.csproj", "{D0268DAC-96B1-49A5-90CB-8BF6528E64F8}"
EndProject
Global
	GlobalSection(SolutionConfigurationPlatforms) = preSolution
		Debug|Any CPU = Debug|Any CPU
		Release|Any CPU = Release|Any CPU
	EndGlobalSection
	GlobalSection(ProjectConfigurationPlatforms) = postSolution
		{D0268DAC-96B1-49A5-90CB-8BF6528E64F8}.Debug|Any CPU.ActiveCfg = Debug|Any CPU
		{D0268DAC-96B1-49A5-90CB-8BF6528E64F8}.Debug|Any CPU.Build.0 = Debug|Any CPU
		{D0268DAC-96B1-49A5-90CB-8BF6528E64F8}.Release|Any CPU.ActiveCfg = Release|Any CPU
		{D0268DAC-96B1-49A5-90CB-8BF6528E64F8}.Release|Any CPU.Build.0 = Release|Any CPU
	EndGlobalSection
	GlobalSection(SolutionProperties) = preSolution
		HideSolutionNode = FALSE
	EndGlobalSection
	GlobalSection(ExtensibilityGlobals) = postSolution
		SolutionGuid = {ECB1B07D-3C6D-4809-8737-A3104C6391F2}
	EndGlobalSection
EndGlobal
